
Microsoft Visual Studio Solution File, Format Version 11.00
# Visual Studio 2010
Project("{FAE04EC0-301F-11D3-BF4B-00C04F79EFBC}") = "Assembly-CSharp", "Assembly-CSharp.csproj", "{98FD608F-2F6B-BE45-4851-0A2F57848EE8}"
EndProject
Project("{FAE04EC0-301F-11D3-BF4B-00C04F79EFBC}") = "Assembly-CSharp-Editor", "Assembly-CSharp-Editor.csproj", "{78F10CFB-E5DB-70A1-A222-7D1D249EF679}"
EndProject
Global
	GlobalSection(SolutionConfigurationPlatforms) = preSolution
		Debug|Any CPU = Debug|Any CPU
		Release|Any CPU = Release|Any CPU
	EndGlobalSection
	GlobalSection(ProjectConfigurationPlatforms) = postSolution
		{98FD608F-2F6B-BE45-4851-0A2F57848EE8}.Debug|Any CPU.ActiveCfg = Debug|Any CPU
		{98FD608F-2F6B-BE45-4851-0A2F57848EE8}.Debug|Any CPU.Build.0 = Debug|Any CPU
		{98FD608F-2F6B-BE45-4851-0A2F57848EE8}.Release|Any CPU.ActiveCfg = Release|Any CPU
		{98FD608F-2F6B-BE45-4851-0A2F57848EE8}.Release|Any CPU.Build.0 = Release|Any CPU
		{78F10CFB-E5DB-70A1-A222-7D1D249EF679}.Debug|Any CPU.ActiveCfg = Debug|Any CPU
		{78F10CFB-E5DB-70A1-A222-7D1D249EF679}.Debug|Any CPU.Build.0 = Debug|Any CPU
		{78F10CFB-E5DB-70A1-A222-7D1D249EF679}.Release|Any CPU.ActiveCfg = Release|Any CPU
		{78F10CFB-E5DB-70A1-A222-7D1D249EF679}.Release|Any CPU.Build.0 = Release|Any CPU
	EndGlobalSection
	GlobalSection(SolutionProperties) = preSolution
		HideSolutionNode = FALSE
	EndGlobalSection
EndGlobal
